
Microsoft Visual Studio Solution File, Format Version 12.00
# Visual Studio Version 17
VisualStudioVersion = 17.13.35919.96
MinimumVisualStudioVersion = 10.0.40219.1
Project("{FAE04EC0-301F-11D3-BF4B-00C04F79EFBC}") = "APITests", "APITests\APITests.csproj", "{58670923-E9EF-4509-AB81-BD6DB88E7057}"
EndProject
Project("{FAE04EC0-301F-11D3-BF4B-00C04F79EFBC}") = "UITests", "UITests\UITests.csproj", "{2FCDA447-D604-B697-541D-BCDFF5B2DCEF}"
EndProject
Global
	GlobalSection(SolutionConfigurationPlatforms) = preSolution
		Debug|Any CPU = Debug|Any CPU
		Release|Any CPU = Release|Any CPU
	EndGlobalSection
	GlobalSection(ProjectConfigurationPlatforms) = postSolution
		{58670923-E9EF-4509-AB81-BD6DB88E7057}.Debug|Any CPU.ActiveCfg = Debug|Any CPU
		{58670923-E9EF-4509-AB81-BD6DB88E7057}.Debug|Any CPU.Build.0 = Debug|Any CPU
		{58670923-E9EF-4509-AB81-BD6DB88E7057}.Release|Any CPU.ActiveCfg = Release|Any CPU
		{58670923-E9EF-4509-AB81-BD6DB88E7057}.Release|Any CPU.Build.0 = Release|Any CPU
		{2FCDA447-D604-B697-541D-BCDFF5B2DCEF}.Debug|Any CPU.ActiveCfg = Debug|Any CPU
		{2FCDA447-D604-B697-541D-BCDFF5B2DCEF}.Debug|Any CPU.Build.0 = Debug|Any CPU
		{2FCDA447-D604-B697-541D-BCDFF5B2DCEF}.Release|Any CPU.ActiveCfg = Release|Any CPU
		{2FCDA447-D604-B697-541D-BCDFF5B2DCEF}.Release|Any CPU.Build.0 = Release|Any CPU
	EndGlobalSection
	GlobalSection(SolutionProperties) = preSolution
		HideSolutionNode = FALSE
	EndGlobalSection
	GlobalSection(ExtensibilityGlobals) = postSolution
		SolutionGuid = {4CAF0EC1-CE6C-4460-A826-605A61CA47F7}
	EndGlobalSection
EndGlobal
